Microsoft Visual Studio Solution File, Format Version 12.00
# Visual Studio Version 17
VisualStudioVersion = 17.5.2.0
MinimumVisualStudioVersion = 10.0.40219.1
Project("{FAE04EC0-301F-11D3-BF4B-00C04F79EFBC}") = "BikeSharingPrediction", "BikeSharingPrediction.csproj", "{B470BE7E-3321-A8D7-7D93-474F2229532A}"
EndProject
Global
	GlobalSection(SolutionConfigurationPlatforms) = preSolution
		Debug|Any CPU = Debug|Any CPU
		Release|Any CPU = Release|Any CPU
	EndGlobalSection
	GlobalSection(ProjectConfigurationPlatforms) = postSolution
		{B470BE7E-3321-A8D7-7D93-474F2229532A}.Debug|Any CPU.ActiveCfg = Debug|Any CPU
		{B470BE7E-3321-A8D7-7D93-474F2229532A}.Debug|Any CPU.Build.0 = Debug|Any CPU
		{B470BE7E-3321-A8D7-7D93-474F2229532A}.Release|Any CPU.ActiveCfg = Release|Any CPU
		{B470BE7E-3321-A8D7-7D93-474F2229532A}.Release|Any CPU.Build.0 = Release|Any CPU
	EndGlobalSection
	GlobalSection(SolutionProperties) = preSolution
		HideSolutionNode = FALSE
	EndGlobalSection
	GlobalSection(ExtensibilityGlobals) = postSolution
		SolutionGuid = {AC1CE935-2B4B-4311-BD22-CD0B34408C21}
	EndGlobalSection
EndGlobal
